
Microsoft Visual Studio Solution File, Format Version 12.00
# Visual Studio Version 16
VisualStudioVersion = 16.0.30517.126
MinimumVisualStudioVersion = 10.0.40219.1
Project("{888888A0-9F3D-457C-B088-3A5042F75D52}") = "FlaskWebProjectAppDev", "FlaskWebProjectAppDev.pyproj", "{E9AC2FD2-4540-4788-9396-D8319833F422}"
EndProject
Global
	GlobalSection(SolutionConfigurationPlatforms) = preSolution
		Debug|Any CPU = Debug|Any CPU
		Release|Any CPU = Release|Any CPU
	EndGlobalSection
	GlobalSection(ProjectConfigurationPlatforms) = postSolution
		{E9AC2FD2-4540-4788-9396-D8319833F422}.Debug|Any CPU.ActiveCfg = Debug|Any CPU
		{E9AC2FD2-4540-4788-9396-D8319833F422}.Debug|Any CPU.Build.0 = Debug|Any CPU
		{E9AC2FD2-4540-4788-9396-D8319833F422}.Release|Any CPU.ActiveCfg = Release|Any CPU
		{E9AC2FD2-4540-4788-9396-D8319833F422}.Release|Any CPU.Build.0 = Release|Any CPU
	EndGlobalSection
	GlobalSection(SolutionProperties) = preSolution
		HideSolutionNode = FALSE
	EndGlobalSection
	GlobalSection(ExtensibilityGlobals) = postSolution
		SolutionGuid = {A2D07023-C031-41BA-A380-38E9868521CF}
	EndGlobalSection
EndGlobal
